
Microsoft Visual Studio Solution File, Format Version 12.00
# Visual Studio 15
VisualStudioVersion = 15.0.27130.2026
MinimumVisualStudioVersion = 10.0.40219.1
Project("{FAE04EC0-301F-11D3-BF4B-00C04F79EFBC}") = "PanoramicDataWin8", "PanoramicDataWin8\PanoramicDataWin8.csproj", "{978BC51D-FF87-4A49-93CC-E9C70AE6F5A8}"
EndProject
Project("{2150E333-8FDC-42A3-9474-1A3956D46DE8}") = "Solution Items", "Solution Items", "{477FE524-665D-49E8-B604-D9D1142F6DC4}"
EndProject
Project("{FAE04EC0-301F-11D3-BF4B-00C04F79EFBC}") = "Blueprints", "PanoramicDataWin8\utils\Blueprints2\Blueprints.csproj", "{7355FA95-4259-465B-8C8D-26DEED418788}"
EndProject
Project("{2150E333-8FDC-42A3-9474-1A3956D46DE8}") = "GraphSharpUWP", "GraphSharpUWP", "{94E31DB2-919B-4667-A8B9-554B8AEE2C15}"
EndProject
Project("{FAE04EC0-301F-11D3-BF4B-00C04F79EFBC}") = "QuickGraphCore", "PanoramicDataWin8\utils\GraphSharpUWP\QuickGraph\QuickGraphCore.csproj", "{E74E4623-4F23-44BF-921E-E4080CF52CE0}"
EndProject
Project("{FAE04EC0-301F-11D3-BF4B-00C04F79EFBC}") = "GraphSharpCore", "PanoramicDataWin8\utils\GraphSharpUWP\GraphSharpCore\GraphSharpCore.csproj", "{B7E3EBAE-248C-4804-A009-6278CA9863C7}"
EndProject
Project("{FAE04EC0-301F-11D3-BF4B-00C04F79EFBC}") = "GraphSharp.ControlsCore", "PanoramicDataWin8\utils\GraphSharpUWP\GraphSharp.ControlsCore\GraphSharp.ControlsCore.csproj", "{67192DD8-F8AF-483A-B257-67F7456E8AD1}"
EndProject
Global
	GlobalSection(SolutionConfigurationPlatforms) = preSolution
		Debug|Any CPU = Debug|Any CPU
		Debug|ARM = Debug|ARM
		Debug|x64 = Debug|x64
		Debug|x86 = Debug|x86
		Release|Any CPU = Release|Any CPU
		Release|ARM = Release|ARM
		Release|x64 = Release|x64
		Release|x86 = Release|x86
	EndGlobalSection
	GlobalSection(ProjectConfigurationPlatforms) = postSolution
		{978BC51D-FF87-4A49-93CC-E9C70AE6F5A8}.Debug|Any CPU.ActiveCfg = Debug|x86
		{978BC51D-FF87-4A49-93CC-E9C70AE6F5A8}.Debug|Any CPU.Build.0 = Debug|x86
		{978BC51D-FF87-4A49-93CC-E9C70AE6F5A8}.Debug|Any CPU.Deploy.0 = Debug|x86
		{978BC51D-FF87-4A49-93CC-E9C70AE6F5A8}.Debug|ARM.ActiveCfg = Debug|ARM
		{978BC51D-FF87-4A49-93CC-E9C70AE6F5A8}.Debug|ARM.Build.0 = Debug|ARM
		{978BC51D-FF87-4A49-93CC-E9C70AE6F5A8}.Debug|ARM.Deploy.0 = Debug|ARM
		{978BC51D-FF87-4A49-93CC-E9C70AE6F5A8}.Debug|x64.ActiveCfg = Debug|x64
		{978BC51D-FF87-4A49-93CC-E9C70AE6F5A8}.Debug|x64.Build.0 = Debug|x64
		{978BC51D-FF87-4A49-93CC-E9C70AE6F5A8}.Debug|x64.Deploy.0 = Debug|x64
		{978BC51D-FF87-4A49-93CC-E9C70AE6F5A8}.Debug|x86.ActiveCfg = Debug|x86
		{978BC51D-FF87-4A49-93CC-E9C70AE6F5A8}.Debug|x86.Build.0 = Debug|x86
		{978BC51D-FF87-4A49-93CC-E9C70AE6F5A8}.Debug|x86.Deploy.0 = Debug|x86
		{978BC51D-FF87-4A49-93CC-E9C70AE6F5A8}.Release|Any CPU.ActiveCfg = Release|x86
		{978BC51D-FF87-4A49-93CC-E9C70AE6F5A8}.Release|Any CPU.Build.0 = Release|x86
		{978BC51D-FF87-4A49-93CC-E9C70AE6F5A8}.Release|Any CPU.Deploy.0 = Release|x86
		{978BC51D-FF87-4A49-93CC-E9C70AE6F5A8}.Release|ARM.ActiveCfg = Release|ARM
		{978BC51D-FF87-4A49-93CC-E9C70AE6F5A8}.Release|ARM.Build.0 = Release|ARM
		{978BC51D-FF87-4A49-93CC-E9C70AE6F5A8}.Release|ARM.Deploy.0 = Release|ARM
		{978BC51D-FF87-4A49-93CC-E9C70AE6F5A8}.Release|x64.ActiveCfg = Release|x64
		{978BC51D-FF87-4A49-93CC-E9C70AE6F5A8}.Release|x64.Build.0 = Release|x64
		{978BC51D-FF87-4A49-93CC-E9C70AE6F5A8}.Release|x64.Deploy.0 = Release|x64
		{978BC51D-FF87-4A49-93CC-E9C70AE6F5A8}.Release|x86.ActiveCfg = Release|x86
		{978BC51D-FF87-4A49-93CC-E9C70AE6F5A8}.Release|x86.Build.0 = Release|x86
		{978BC51D-FF87-4A49-93CC-E9C70AE6F5A8}.Release|x86.Deploy.0 = Release|x86
		{7355FA95-4259-465B-8C8D-26DEED418788}.Debug|Any CPU.ActiveCfg = Debug|Any CPU
		{7355FA95-4259-465B-8C8D-26DEED418788}.Debug|Any CPU.Build.0 = Debug|Any CPU
		{7355FA95-4259-465B-8C8D-26DEED418788}.Debug|ARM.ActiveCfg = Debug|ARM
		{7355FA95-4259-465B-8C8D-26DEED418788}.Debug|ARM.Build.0 = Debug|ARM
		{7355FA95-4259-465B-8C8D-26DEED418788}.Debug|x64.ActiveCfg = Debug|x64
		{7355FA95-4259-465B-8C8D-26DEED418788}.Debug|x64.Build.0 = Debug|x64
		{7355FA95-4259-465B-8C8D-26DEED418788}.Debug|x86.ActiveCfg = Debug|x86
		{7355FA95-4259-465B-8C8D-26DEED418788}.Debug|x86.Build.0 = Debug|x86
		{7355FA95-4259-465B-8C8D-26DEED418788}.Release|Any CPU.ActiveCfg = Release|Any CPU
		{7355FA95-4259-465B-8C8D-26DEED418788}.Release|Any CPU.Build.0 = Release|Any CPU
		{7355FA95-4259-465B-8C8D-26DEED418788}.Release|ARM.ActiveCfg = Release|ARM
		{7355FA95-4259-465B-8C8D-26DEED418788}.Release|ARM.Build.0 = Release|ARM
		{7355FA95-4259-465B-8C8D-26DEED418788}.Release|x64.ActiveCfg = Release|x64
		{7355FA95-4259-465B-8C8D-26DEED418788}.Release|x64.Build.0 = Release|x64
		{7355FA95-4259-465B-8C8D-26DEED418788}.Release|x86.ActiveCfg = Release|x86
		{7355FA95-4259-465B-8C8D-26DEED418788}.Release|x86.Build.0 = Release|x86
		{E74E4623-4F23-44BF-921E-E4080CF52CE0}.Debug|Any CPU.ActiveCfg = Debug|Any CPU
		{E74E4623-4F23-44BF-921E-E4080CF52CE0}.Debug|Any CPU.Build.0 = Debug|Any CPU
		{E74E4623-4F23-44BF-921E-E4080CF52CE0}.Debug|ARM.ActiveCfg = Debug|ARM
		{E74E4623-4F23-44BF-921E-E4080CF52CE0}.Debug|ARM.Build.0 = Debug|ARM
		{E74E4623-4F23-44BF-921E-E4080CF52CE0}.Debug|x64.ActiveCfg = Debug|x64
		{E74E4623-4F23-44BF-921E-E4080CF52CE0}.Debug|x64.Build.0 = Debug|x64
		{E74E4623-4F23-44BF-921E-E4080CF52CE0}.Debug|x86.ActiveCfg = Debug|x86
		{E74E4623-4F23-44BF-921E-E4080CF52CE0}.Debug|x86.Build.0 = Debug|x86
		{E74E4623-4F23-44BF-921E-E4080CF52CE0}.Release|Any CPU.ActiveCfg = Release|Any CPU
		{E74E4623-4F23-44BF-921E-E4080CF52CE0}.Release|Any CPU.Build.0 = Release|Any CPU
		{E74E4623-4F23-44BF-921E-E4080CF52CE0}.Release|ARM.ActiveCfg = Release|ARM
		{E74E4623-4F23-44BF-921E-E4080CF52CE0}.Release|ARM.Build.0 = Release|ARM
		{E74E4623-4F23-44BF-921E-E4080CF52CE0}.Release|x64.ActiveCfg = Release|x64
		{E74E4623-4F23-44BF-921E-E4080CF52CE0}.Release|x64.Build.0 = Release|x64
		{E74E4623-4F23-44BF-921E-E4080CF52CE0}.Release|x86.ActiveCfg = Release|x86
		{E74E4623-4F23-44BF-921E-E4080CF52CE0}.Release|x86.Build.0 = Release|x86
		{B7E3EBAE-248C-4804-A009-6278CA9863C7}.Debug|Any CPU.ActiveCfg = Debug|Any CPU
		{B7E3EBAE-248C-4804-A009-6278CA9863C7}.Debug|Any CPU.Build.0 = Debug|Any CPU
		{B7E3EBAE-248C-4804-A009-6278CA9863C7}.Debug|ARM.ActiveCfg = Debug|ARM
		{B7E3EBAE-248C-4804-A009-6278CA9863C7}.Debug|ARM.Build.0 = Debug|ARM
		{B7E3EBAE-248C-4804-A009-6278CA9863C7}.Debug|x64.ActiveCfg = Debug|x64
		{B7E3EBAE-248C-4804-A009-6278CA9863C7}.Debug|x64.Build.0 = Debug|x64
		{B7E3EBAE-248C-4804-A009-6278CA9863C7}.Debug|x86.ActiveCfg = Debug|x86
		{B7E3EBAE-248C-4804-A009-6278CA9863C7}.Debug|x86.Build.0 = Debug|x86
		{B7E3EBAE-248C-4804-A009-6278CA9863C7}.Release|Any CPU.ActiveCfg = Release|Any CPU
		{B7E3EBAE-248C-4804-A009-6278CA9863C7}.Release|Any CPU.Build.0 = Release|Any CPU
		{B7E3EBAE-248C-4804-A009-6278CA9863C7}.Release|ARM.ActiveCfg = Release|ARM
		{B7E3EBAE-248C-4804-A009-6278CA9863C7}.Release|ARM.Build.0 = Release|ARM
		{B7E3EBAE-248C-4804-A009-6278CA9863C7}.Release|x64.ActiveCfg = Release|x64
		{B7E3EBAE-248C-4804-A009-6278CA9863C7}.Release|x64.Build.0 = Release|x64
		{B7E3EBAE-248C-4804-A009-6278CA9863C7}.Release|x86.ActiveCfg = Release|x86
		{B7E3EBAE-248C-4804-A009-6278CA9863C7}.Release|x86.Build.0 = Release|x86
		{67192DD8-F8AF-483A-B257-67F7456E8AD1}.Debug|Any CPU.ActiveCfg = Debug|Any CPU
		{67192DD8-F8AF-483A-B257-67F7456E8AD1}.Debug|Any CPU.Build.0 = Debug|Any CPU
		{67192DD8-F8AF-483A-B257-67F7456E8AD1}.Debug|ARM.ActiveCfg = Debug|ARM
		{67192DD8-F8AF-483A-B257-67F7456E8AD1}.Debug|ARM.Build.0 = Debug|ARM
		{67192DD8-F8AF-483A-B257-67F7456E8AD1}.Debug|x64.ActiveCfg = Debug|x64
		{67192DD8-F8AF-483A-B257-67F7456E8AD1}.Debug|x64.Build.0 = Debug|x64
		{67192DD8-F8AF-483A-B257-67F7456E8AD1}.Debug|x86.ActiveCfg = Debug|x86
		{67192DD8-F8AF-483A-B257-67F7456E8AD1}.Debug|x86.Build.0 = Debug|x86
		{67192DD8-F8AF-483A-B257-67F7456E8AD1}.Release|Any CPU.ActiveCfg = Release|Any CPU
		{67192DD8-F8AF-483A-B257-67F7456E8AD1}.Release|Any CPU.Build.0 = Release|Any CPU
		{67192DD8-F8AF-483A-B257-67F7456E8AD1}.Release|ARM.ActiveCfg = Release|ARM
		{67192DD8-F8AF-483A-B257-67F7456E8AD1}.Release|ARM.Build.0 = Release|ARM
		{67192DD8-F8AF-483A-B257-67F7456E8AD1}.Release|x64.ActiveCfg = Release|x64
		{67192DD8-F8AF-483A-B257-67F7456E8AD1}.Release|x64.Build.0 = Release|x64
		{67192DD8-F8AF-483A-B257-67F7456E8AD1}.Release|x86.ActiveCfg = Release|x86
		{67192DD8-F8AF-483A-B257-67F7456E8AD1}.Release|x86.Build.0 = Release|x86
	EndGlobalSection
	GlobalSection(SolutionProperties) = preSolution
		HideSolutionNode = FALSE
	EndGlobalSection
	GlobalSection(NestedProjects) = preSolution
		{E74E4623-4F23-44BF-921E-E4080CF52CE0} = {94E31DB2-919B-4667-A8B9-554B8AEE2C15}
		{B7E3EBAE-248C-4804-A009-6278CA9863C7} = {94E31DB2-919B-4667-A8B9-554B8AEE2C15}
		{67192DD8-F8AF-483A-B257-67F7456E8AD1} = {94E31DB2-919B-4667-A8B9-554B8AEE2C15}
	EndGlobalSection
	GlobalSection(ExtensibilityGlobals) = postSolution
		SolutionGuid = {F4A7270C-C3FE-4009-9071-8BD3297C5648}
	EndGlobalSection
EndGlobal
